
Microsoft Visual Studio Solution File, Format Version 12.00
# Visual Studio Version 17
VisualStudioVersion = 17.14.36511.14 d17.14
MinimumVisualStudioVersion = 10.0.40219.1
Project("{FAE04EC0-301F-11D3-BF4B-00C04F79EFBC}") = "Guessnumber", "Guessnumber\Guessnumber.csproj", "{2908FC29-F7D2-403D-AF85-8F66E9898D78}"
EndProject
Global
	GlobalSection(SolutionConfigurationPlatforms) = preSolution
		Debug|Any CPU = Debug|Any CPU
		Release|Any CPU = Release|Any CPU
	EndGlobalSection
	GlobalSection(ProjectConfigurationPlatforms) = postSolution
		{2908FC29-F7D2-403D-AF85-8F66E9898D78}.Debug|Any CPU.ActiveCfg = Debug|Any CPU
		{2908FC29-F7D2-403D-AF85-8F66E9898D78}.Debug|Any CPU.Build.0 = Debug|Any CPU
		{2908FC29-F7D2-403D-AF85-8F66E9898D78}.Release|Any CPU.ActiveCfg = Release|Any CPU
		{2908FC29-F7D2-403D-AF85-8F66E9898D78}.Release|Any CPU.Build.0 = Release|Any CPU
	EndGlobalSection
	GlobalSection(SolutionProperties) = preSolution
		HideSolutionNode = FALSE
	EndGlobalSection
	GlobalSection(ExtensibilityGlobals) = postSolution
		SolutionGuid = {49084962-F59B-4021-9501-C592134BE43C}
	EndGlobalSection
EndGlobal
